
Microsoft Visual Studio Solution File, Format Version 12.00
# Visual Studio 2013
VisualStudioVersion = 12.0.21005.1
MinimumVisualStudioVersion = 10.0.40219.1
Project("{2150E333-8FDC-42A3-9474-1A3956D46DE8}") = ".nuget", ".nuget", "{71C825F8-895C-42DE-9A97-6B7BD694B39E}"
	ProjectSection(SolutionItems) = preProject
		.nuget\NuGet.Config = .nuget\NuGet.Config
		.nuget\NuGet.exe = .nuget\NuGet.exe
		.nuget\NuGet.targets = .nuget\NuGet.targets
	EndProjectSection
EndProject
Project("{FAE04EC0-301F-11D3-BF4B-00C04F79EFBC}") = "Profile.Web", "Profile.Web\Profile.Web.csproj", "{6142A524-439B-4A91-97D7-2D9DEEC7A469}"
EndProject
Project("{FAE04EC0-301F-11D3-BF4B-00C04F79EFBC}") = "Profile.Core", "Profile.Core\Profile.Core.csproj", "{707FE83D-92E8-455D-A97A-D3EA8EDDA9AD}"
EndProject
Project("{FAE04EC0-301F-11D3-BF4B-00C04F79EFBC}") = "Profile.Data", "Profile.Data\Profile.Data.csproj", "{C2932C4D-91F2-42D9-8EE9-844AB2D6A818}"
EndProject
Project("{2150E333-8FDC-42A3-9474-1A3956D46DE8}") = "Tests", "Tests", "{E07FE476-FBD4-4842-80F7-A7D4C030996D}"
EndProject
Project("{FAE04EC0-301F-11D3-BF4B-00C04F79EFBC}") = "Profile.Services", "Profile.Services\Profile.Services.csproj", "{6BA2B1CB-8D17-42CD-8683-4C7806AA2041}"
EndProject
Project("{FAE04EC0-301F-11D3-BF4B-00C04F79EFBC}") = "Profile.Tests", "Test\Profile.Tests\Profile.Tests.csproj", "{69B08166-7372-4F40-9F17-507936F54BB9}"
EndProject
Project("{FAE04EC0-301F-11D3-BF4B-00C04F79EFBC}") = "Profile.System.Tests", "Test\Profile.System.Tests\Profile.System.Tests.csproj", "{60ADCA9B-0710-4836-8B5D-3472FC17FF94}"
EndProject
Global
	GlobalSection(SolutionConfigurationPlatforms) = preSolution
		Debug|Any CPU = Debug|Any CPU
		Release|Any CPU = Release|Any CPU
	EndGlobalSection
	GlobalSection(ProjectConfigurationPlatforms) = postSolution
		{6142A524-439B-4A91-97D7-2D9DEEC7A469}.Debug|Any CPU.ActiveCfg = Debug|Any CPU
		{6142A524-439B-4A91-97D7-2D9DEEC7A469}.Debug|Any CPU.Build.0 = Debug|Any CPU
		{6142A524-439B-4A91-97D7-2D9DEEC7A469}.Release|Any CPU.ActiveCfg = Release|Any CPU
		{6142A524-439B-4A91-97D7-2D9DEEC7A469}.Release|Any CPU.Build.0 = Release|Any CPU
		{707FE83D-92E8-455D-A97A-D3EA8EDDA9AD}.Debug|Any CPU.ActiveCfg = Debug|Any CPU
		{707FE83D-92E8-455D-A97A-D3EA8EDDA9AD}.Debug|Any CPU.Build.0 = Debug|Any CPU
		{707FE83D-92E8-455D-A97A-D3EA8EDDA9AD}.Release|Any CPU.ActiveCfg = Release|Any CPU
		{707FE83D-92E8-455D-A97A-D3EA8EDDA9AD}.Release|Any CPU.Build.0 = Release|Any CPU
		{C2932C4D-91F2-42D9-8EE9-844AB2D6A818}.Debug|Any CPU.ActiveCfg = Debug|Any CPU
		{C2932C4D-91F2-42D9-8EE9-844AB2D6A818}.Debug|Any CPU.Build.0 = Debug|Any CPU
		{C2932C4D-91F2-42D9-8EE9-844AB2D6A818}.Release|Any CPU.ActiveCfg = Release|Any CPU
		{C2932C4D-91F2-42D9-8EE9-844AB2D6A818}.Release|Any CPU.Build.0 = Release|Any CPU
		{6BA2B1CB-8D17-42CD-8683-4C7806AA2041}.Debug|Any CPU.ActiveCfg = Debug|Any CPU
		{6BA2B1CB-8D17-42CD-8683-4C7806AA2041}.Debug|Any CPU.Build.0 = Debug|Any CPU
		{6BA2B1CB-8D17-42CD-8683-4C7806AA2041}.Release|Any CPU.ActiveCfg = Release|Any CPU
		{6BA2B1CB-8D17-42CD-8683-4C7806AA2041}.Release|Any CPU.Build.0 = Release|Any CPU
		{69B08166-7372-4F40-9F17-507936F54BB9}.Debug|Any CPU.ActiveCfg = Debug|Any CPU
		{69B08166-7372-4F40-9F17-507936F54BB9}.Debug|Any CPU.Build.0 = Debug|Any CPU
		{69B08166-7372-4F40-9F17-507936F54BB9}.Release|Any CPU.ActiveCfg = Release|Any CPU
		{69B08166-7372-4F40-9F17-507936F54BB9}.Release|Any CPU.Build.0 = Release|Any CPU
		{60ADCA9B-0710-4836-8B5D-3472FC17FF94}.Debug|Any CPU.ActiveCfg = Debug|Any CPU
		{60ADCA9B-0710-4836-8B5D-3472FC17FF94}.Debug|Any CPU.Build.0 = Debug|Any CPU
		{60ADCA9B-0710-4836-8B5D-3472FC17FF94}.Release|Any CPU.ActiveCfg = Release|Any CPU
		{60ADCA9B-0710-4836-8B5D-3472FC17FF94}.Release|Any CPU.Build.0 = Release|Any CPU
	EndGlobalSection
	GlobalSection(SolutionProperties) = preSolution
		HideSolutionNode = FALSE
	EndGlobalSection
	GlobalSection(NestedProjects) = preSolution
		{69B08166-7372-4F40-9F17-507936F54BB9} = {E07FE476-FBD4-4842-80F7-A7D4C030996D}
		{60ADCA9B-0710-4836-8B5D-3472FC17FF94} = {E07FE476-FBD4-4842-80F7-A7D4C030996D}
	EndGlobalSection
EndGlobal
